{
  "name": "gbnode",
  "version": "1.0.0",
  "lockfileVersion": 2,
  "requires": true,
  "packages": {
    "": {
      "name": "gbnode",
      "version": "1.0.0",
      "license": "ISC",
      "dependencies": {
        "colors": "^1.4.0",
        "moment": "^2.29.4",
        "moment-precise-range-plugin": "^1.3.0",
        "random-ip": "^0.0.1",
        "readline-sync": "^1.4.10"
      }
    },
    "node_modules/colors": {
      "version": "1.4.0",
      "resolved": "https://registry.npmjs.org/colors/-/colors-1.4.0.tgz",
      "integrity": "sha512-a+UqTh4kgZg/SlGvfbzDHpgRu7AAQOmmqRHJnxhRZICKFUT91brVhNNt58CMWU9PsBbv3PDCZUHbVxuDiH2mtA==",
      "engines": {
        "node": ">=0.1.90"
      }
    },
    "node_modules/ip": {
      "version": "0.2.0",
      "resolved": "https://registry.npmjs.org/ip/-/ip-0.2.0.tgz",
      "integrity": "sha512-LA42PmwA+MI6QMbl3rfJkwB0yCiLNpOTYRlnlLUJo1SaPc5LEb7CiFEn2uQS8YvlPiOa4vYhbqV89L8esZWnAg=="
    },
    "node_modules/moment": {
      "version": "2.29.4",
      "resolved": "https://registry.npmjs.org/moment/-/moment-2.29.4.tgz",
      "integrity": "sha512-5LC9SOxjSc2HF6vO2CyuTDNivEdoz2IvyJJGj6X8DJ0eFyfszE0QiEd+iXmBvUP3WHxSjFH/vIsA0EN00cgr8w==",
      "engines": {
        "node": "*"
      }
    },
    "node_modules/moment-precise-range-plugin": {
      "version": "1.3.0",
      "resolved": "https://registry.npmjs.org/moment-precise-range-plugin/-/moment-precise-range-plugin-1.3.0.tgz",
      "integrity": "sha512-JZiuEK3XqsBQ6W2eoDhZSpc3bPZqMW4OMPmZId24oyngkHD5ixvgKFBicO6wgfYeURWaISOpGU27KFRMl1qN+Q==",
      "peerDependencies": {
        "moment": ">=2.9.0"
      }
    },
    "node_modules/random-ip": {
      "version": "0.0.1",
      "resolved": "https://registry.npmjs.org/random-ip/-/random-ip-0.0.1.tgz",
      "integrity": "sha512-lcoHfRYbr/lTzwjEYXihO2i25wlJK+aicxnF4qHec1tZjCqjxaHB1RgS9e+XBOcSJLhhocmdyOOJUvBwMaFveg==",
      "dependencies": {
        "ip": "0.2.0"
      }
    },
    "node_modules/readline-sync": {
      "version": "1.4.10",
      "resolved": "https://registry.npmjs.org/readline-sync/-/readline-sync-1.4.10.tgz",
      "integrity": "sha512-gNva8/6UAe8QYepIQH/jQ2qn91Qj0B9sYjMBBs3QOB8F2CXcKgLxQaJRP76sWVRQt+QU+8fAkCbCvjjMFu7Ycw==",
      "engines": {
        "node": ">= 0.8.0"
      }
    }
  },
  "dependencies": {
    "colors": {
      "version": "1.4.0",
      "resolved": "https://registry.npmjs.org/colors/-/colors-1.4.0.tgz",
      "integrity": "sha512-a+UqTh4kgZg/SlGvfbzDHpgRu7AAQOmmqRHJnxhRZICKFUT91brVhNNt58CMWU9PsBbv3PDCZUHbVxuDiH2mtA=="
    },
    "ip": {
      "version": "0.2.0",
      "resolved": "https://registry.npmjs.org/ip/-/ip-0.2.0.tgz",
      "integrity": "sha512-LA42PmwA+MI6QMbl3rfJkwB0yCiLNpOTYRlnlLUJo1SaPc5LEb7CiFEn2uQS8YvlPiOa4vYhbqV89L8esZWnAg=="
    },
    "moment": {
      "version": "2.29.4",
      "resolved": "https://registry.npmjs.org/moment/-/moment-2.29.4.tgz",
      "integrity": "sha512-5LC9SOxjSc2HF6vO2CyuTDNivEdoz2IvyJJGj6X8DJ0eFyfszE0QiEd+iXmBvUP3WHxSjFH/vIsA0EN00cgr8w=="
    },
    "moment-precise-range-plugin": {
      "version": "1.3.0",
      "resolved": "https://registry.npmjs.org/moment-precise-range-plugin/-/moment-precise-range-plugin-1.3.0.tgz",
      "integrity": "sha512-JZiuEK3XqsBQ6W2eoDhZSpc3bPZqMW4OMPmZId24oyngkHD5ixvgKFBicO6wgfYeURWaISOpGU27KFRMl1qN+Q==",
      "requires": {}
    },
    "random-ip": {
      "version": "0.0.1",
      "resolved": "https://registry.npmjs.org/random-ip/-/random-ip-0.0.1.tgz",
      "integrity": "sha512-lcoHfRYbr/lTzwjEYXihO2i25wlJK+aicxnF4qHec1tZjCqjxaHB1RgS9e+XBOcSJLhhocmdyOOJUvBwMaFveg==",
      "requires": {
        "ip": "0.2.0"
      }
    },
    "readline-sync": {
      "version": "1.4.10",
      "resolved": "https://registry.npmjs.org/readline-sync/-/readline-sync-1.4.10.tgz",
      "integrity": "sha512-gNva8/6UAe8QYepIQH/jQ2qn91Qj0B9sYjMBBs3QOB8F2CXcKgLxQaJRP76sWVRQt+QU+8fAkCbCvjjMFu7Ycw=="
    }
  }
}
